
Microsoft Visual Studio Solution File, Format Version 12.00
# Visual Studio Version 17
VisualStudioVersion = 17.6.33829.357
MinimumVisualStudioVersion = 10.0.40219.1
Project("{9A19103F-16F7-4668-BE54-9A1E7A4F7556}") = "Umbraco.Community.TagManager", "Umbraco Tag Manager\Umbraco.Community.TagManager.csproj", "{5F7B2DC0-CAAA-4917-AE69-28CE61410967}"
EndProject
Global
	GlobalSection(SolutionConfigurationPlatforms) = preSolution
		Debug|Any CPU = Debug|Any CPU
		Release|Any CPU = Release|Any CPU
	EndGlobalSection
	GlobalSection(ProjectConfigurationPlatforms) = postSolution
		{5F7B2DC0-CAAA-4917-AE69-28CE61410967}.Debug|Any CPU.ActiveCfg = Debug|Any CPU
		{5F7B2DC0-CAAA-4917-AE69-28CE61410967}.Debug|Any CPU.Build.0 = Debug|Any CPU
		{5F7B2DC0-CAAA-4917-AE69-28CE61410967}.Release|Any CPU.ActiveCfg = Release|Any CPU
		{5F7B2DC0-CAAA-4917-AE69-28CE61410967}.Release|Any CPU.Build.0 = Release|Any CPU
	EndGlobalSection
	GlobalSection(SolutionProperties) = preSolution
		HideSolutionNode = FALSE
	EndGlobalSection
	GlobalSection(ExtensibilityGlobals) = postSolution
		SolutionGuid = {046052BA-9B8B-4BF5-A5FC-4E8452C36561}
	EndGlobalSection
EndGlobal
